hash: 0a6cfc9d8c2df478b399445539ee8f0ecde03200407f180fe4fe5be16395ae11
updated: 2020-04-22T18:33:10.198086303-03:00
imports: []
testImports:
- name: github.com/davecgh/go-spew
  version: d8f796af33cc11cb798c1aaeb27a4ebc5099927d
  subpackages:
  - spew
- name: github.com/json-iterator/go
  version: acfec88f7a0d5140ace3dcdbee10184e3684a9e1
- name: github.com/modern-go/concurrent
  version: bacd9c7ef1dd9b15be4a9909b8ac7a4e313eec94
- name: github.com/modern-go/reflect2
  version: 4b7aa43c6742a2c18fdef89dd197aaae7dac7ccd
- name: github.com/pmezard/go-difflib
  version: 5d4384ee4fb2527b0a1256a821ebfc92f91efefc
  subpackages:
  - difflib
- name: github.com/rs/zerolog
  version: f1dd50b8c64d79be1392edf1d8fda5cedea4916d
  subpackages:
  - internal/cbor
  - internal/json
- name: github.com/stretchr/testify
  version: 221dbe5ed46703ee255b1da0dec05086f5035f62
  subpackages:
  - assert
- name: github.com/uol/funks
  version: f6a04c7785966773f32313e0c25c9343738369e9
- name: github.com/uol/hashing
  version: 520f9fe195e130976599e3a495044b6b9aabfcd4
- name: github.com/uol/logh
  version: 04611a676395e92babe6a4e3f5d0aa517ec0b0d5
- name: github.com/uol/scheduler
  version: 3edd7d67bcde61e731d53144259cb50dd0f9931e
- name: github.com/uol/timeline
  version: 30a157b41f4f92c59e062c03874028358658120e
- name: golang.org/x/crypto
  version: 78000ba7a073cafc0278790f6bce552a0f25850e
  subpackages:
  - sha3
- name: golang.org/x/sys
  version: 5c8b2ff67527cb88b770f693cebf3799036d8bc0
  subpackages:
  - cpu
- name: gopkg.in/yaml.v2
  version: 53403b58ad1b561927d19068c655246f2db79d48
